
Microsoft Visual Studio Solution File, Format Version 12.00
# Visual Studio 15
VisualStudioVersion = 15.0.28307.106
MinimumVisualStudioVersion = 10.0.40219.1
Project("{FAE04EC0-301F-11D3-BF4B-00C04F79EFBC}") = "MinifyNETCore", "MinifyNETCore\MinifyNETCore.csproj", "{3937806D-1AEF-4811-B5A3-2E6DF11F5307}"
EndProject
Global
	GlobalSection(SolutionConfigurationPlatforms) = preSolution
		Debug|Any CPU = Debug|Any CPU
		Release|Any CPU = Release|Any CPU
	EndGlobalSection
	GlobalSection(ProjectConfigurationPlatforms) = postSolution
		{3937806D-1AEF-4811-B5A3-2E6DF11F5307}.Debug|Any CPU.ActiveCfg = Debug|Any CPU
		{3937806D-1AEF-4811-B5A3-2E6DF11F5307}.Debug|Any CPU.Build.0 = Debug|Any CPU
		{3937806D-1AEF-4811-B5A3-2E6DF11F5307}.Release|Any CPU.ActiveCfg = Release|Any CPU
		{3937806D-1AEF-4811-B5A3-2E6DF11F5307}.Release|Any CPU.Build.0 = Release|Any CPU
	EndGlobalSection
	GlobalSection(SolutionProperties) = preSolution
		HideSolutionNode = FALSE
	EndGlobalSection
	GlobalSection(ExtensibilityGlobals) = postSolution
		SolutionGuid = {BA6C5189-B8C8-43F2-9D49-1590CB7FF3FC}
	EndGlobalSection
EndGlobal
